github.com/davecgh/go-spew v1.1.0 h1:ZDRjVQ15GmhC3fiQ8ni8+OwkZQO4DARzQgrnXU1Liz8=
github.com/davecgh/go-spew v1.1.0/go.mod h1:J7Y8YcW2NihsgmVo/mv3lAwl/skON4iLHjSsI+c5H38=
github.com/go-playground/ansi v2.1.0+incompatible h1:f9ldskdk1seTFmYjbmPaYB+WYsDKWc4UXcGb+e9JrN8=
github.com/go-playground/ansi v2.1.0+incompatible/go.mod h1:OCdnfTFO/GfFtp+ktUt+PhElbGOwyTRUuRUsA+Y5pSU=
github.com/google/go-cmp v0.3.0 h1:crn/baboCvb5fXaQ0IJ1SGTsTVrWpDsCWC8EGETZijY=
github.com/google/go-cmp v0.3.0/go.mod h1:8QqcDgzrUqlUb/G2PQTWiueGozuR1884gddMywk6iLU=
github.com/orbs-network/go-mock v0.0.0-20180813130752-890a1ee8d0a1 h1:ezKxeCPNvc27Ri1EQkXfJu6N6i4i38kPuL7BkzcFOUU=
github.com/orbs-network/go-mock v0.0.0-20180813130752-890a1ee8d0a1/go.mod h1:Hfj5NDPp07PIkGv5y8g1C0zsMXbrVTPQVIvSuHSHyvo=
github.com/orbs-network/gojay v1.3.0 h1:TDqmmbgwHum9oXq1iexd+J+IUBm4/gtlyoOP5HV8rvw=
github.com/orbs-network/gojay v1.3.0/go.mod h1:xdSp1mz0+DL+c6OLsbZ5qB/Gtygikcr5NdSsU1GsRC0=
github.com/orbs-network/scribe v0.0.0-20190403093542-b68267cf85c1 h1:nfRo57EmeM+g5yQQjliBouHrjFnR/5Ch2b0xs0CHBbc=
github.com/orbs-network/scribe v0.0.0-20190403093542-b68267cf85c1/go.mod h1:cQJZGIeLlL67v5bDZj7tGM6DBgemGp2UoGfpjiBsmFQ=
github.com/orbs-network/scribe v0.0.0-20190722115936-84c5dcde2413 h1:WU5jzQUI/Z52Ri5Eqv7N+ocuvd/c2WHgVUUYsrKIfm0=
github.com/orbs-network/scribe v0.0.0-20190722115936-84c5dcde2413/go.mod h1:FmGcbukz5eolO+mqzxwmuy4RF4UEoLfGJIeEDAoGsBU=
github.com/pkg/errors v0.8.1 h1:iURUrRGxPUNPdy5/HRSm+Yj6okJ6UtLINN0Q9M4+h3I=
github.com/pkg/errors v0.8.1/go.mod h1:bwawxfHBFNV+L2hUp1rHADufV3IMtnDRdf1r5NINEl0=
github.com/pmezard/go-difflib v1.0.0 h1:4DBwDE0NGyQoBHbLQYPwSUPoCMWR5BEzIk/f1lZbAQM=
github.com/pmezard/go-difflib v1.0.0/go.mod h1:iKH77koFhYxTK1pcRnkKkqfTogsbg7gZNVY4sRDYZ/4=
github.com/stretchr/objx v0.1.0/go.mod h1:HFkY916IF+rwdDfMAkV7OtwuqBVzrE8GR6GFx+wExME=
github.com/stretchr/testify v1.3.0 h1:TivCn/peBQ7UY8ooIcPgZFpTNSz0Q2U6UrFlUfqbe0Q=
github.com/stretchr/testify v1.3.0/go.mod h1:M5WIy9Dh21IEIfnGCwXGc5bZfKNJtfHm1UVUgZn+9EI=
